
Microsoft Visual Studio Solution File, Format Version 12.00
# Visual Studio Version 17
VisualStudioVersion = 17.0.31903.59
MinimumVisualStudioVersion = 10.0.40219.1
Project("{2150E333-8FDC-42A3-9474-1A3956D46DE8}") = "src", "src", "{827E0CD3-B72D-47B6-A68D-7590B98EB39B}"
EndProject
Project("{FAE04EC0-301F-11D3-BF4B-00C04F79EFBC}") = "StoryCoffee.Domain", "src\StoryCoffee.Domain\StoryCoffee.Domain.csproj", "{6B029EBD-FEF4-40C3-8BBD-11BEA685F096}"
EndProject
Project("{FAE04EC0-301F-11D3-BF4B-00C04F79EFBC}") = "StoryCoffee.Contracts", "src\StoryCoffee.Contracts\StoryCoffee.Contracts.csproj", "{F509B46E-273A-4972-83BB-9B95C54261BF}"
EndProject
Project("{FAE04EC0-301F-11D3-BF4B-00C04F79EFBC}") = "StoryCoffee.Application", "src\StoryCoffee.Application\StoryCoffee.Application.csproj", "{574117C3-285C-4D9A-AA79-FD58844B704E}"
EndProject
Project("{FAE04EC0-301F-11D3-BF4B-00C04F79EFBC}") = "StoryCoffee.Infrastructure", "src\StoryCoffee.Infrastructure\StoryCoffee.Infrastructure.csproj", "{3A146E7F-3D20-41FC-AFBC-813B6E6025B1}"
EndProject
Project("{FAE04EC0-301F-11D3-BF4B-00C04F79EFBC}") = "StoryCoffee.Api", "src\StoryCoffee.Api\StoryCoffee.Api.csproj", "{3893EE4F-75AB-4133-A0C9-FAAA3BE3443C}"
EndProject
Project("{FAE04EC0-301F-11D3-BF4B-00C04F79EFBC}") = "StoryCoffee.Tests", "tests\StoryCoffee.Tests\StoryCoffee.Tests.csproj", "{8CA5572D-05E1-474A-8C5F-6ACBBB0134BA}"
EndProject
Global
	GlobalSection(SolutionConfigurationPlatforms) = preSolution
		Debug|Any CPU = Debug|Any CPU
		Debug|x64 = Debug|x64
		Debug|x86 = Debug|x86
		Release|Any CPU = Release|Any CPU
		Release|x64 = Release|x64
		Release|x86 = Release|x86
	EndGlobalSection
	GlobalSection(ProjectConfigurationPlatforms) = postSolution
		{6B029EBD-FEF4-40C3-8BBD-11BEA685F096}.Debug|Any CPU.ActiveCfg = Debug|Any CPU
		{6B029EBD-FEF4-40C3-8BBD-11BEA685F096}.Debug|Any CPU.Build.0 = Debug|Any CPU
		{6B029EBD-FEF4-40C3-8BBD-11BEA685F096}.Debug|x64.ActiveCfg = Debug|Any CPU
		{6B029EBD-FEF4-40C3-8BBD-11BEA685F096}.Debug|x64.Build.0 = Debug|Any CPU
		{6B029EBD-FEF4-40C3-8BBD-11BEA685F096}.Debug|x86.ActiveCfg = Debug|Any CPU
		{6B029EBD-FEF4-40C3-8BBD-11BEA685F096}.Debug|x86.Build.0 = Debug|Any CPU
		{6B029EBD-FEF4-40C3-8BBD-11BEA685F096}.Release|Any CPU.ActiveCfg = Release|Any CPU
		{6B029EBD-FEF4-40C3-8BBD-11BEA685F096}.Release|Any CPU.Build.0 = Release|Any CPU
		{6B029EBD-FEF4-40C3-8BBD-11BEA685F096}.Release|x64.ActiveCfg = Release|Any CPU
		{6B029EBD-FEF4-40C3-8BBD-11BEA685F096}.Release|x64.Build.0 = Release|Any CPU
		{6B029EBD-FEF4-40C3-8BBD-11BEA685F096}.Release|x86.ActiveCfg = Release|Any CPU
		{6B029EBD-FEF4-40C3-8BBD-11BEA685F096}.Release|x86.Build.0 = Release|Any CPU
		{F509B46E-273A-4972-83BB-9B95C54261BF}.Debug|Any CPU.ActiveCfg = Debug|Any CPU
		{F509B46E-273A-4972-83BB-9B95C54261BF}.Debug|Any CPU.Build.0 = Debug|Any CPU
		{F509B46E-273A-4972-83BB-9B95C54261BF}.Debug|x64.ActiveCfg = Debug|Any CPU
		{F509B46E-273A-4972-83BB-9B95C54261BF}.Debug|x64.Build.0 = Debug|Any CPU
		{F509B46E-273A-4972-83BB-9B95C54261BF}.Debug|x86.ActiveCfg = Debug|Any CPU
		{F509B46E-273A-4972-83BB-9B95C54261BF}.Debug|x86.Build.0 = Debug|Any CPU
		{F509B46E-273A-4972-83BB-9B95C54261BF}.Release|Any CPU.ActiveCfg = Release|Any CPU
		{F509B46E-273A-4972-83BB-9B95C54261BF}.Release|Any CPU.Build.0 = Release|Any CPU
		{F509B46E-273A-4972-83BB-9B95C54261BF}.Release|x64.ActiveCfg = Release|Any CPU
		{F509B46E-273A-4972-83BB-9B95C54261BF}.Release|x64.Build.0 = Release|Any CPU
		{F509B46E-273A-4972-83BB-9B95C54261BF}.Release|x86.ActiveCfg = Release|Any CPU
		{F509B46E-273A-4972-83BB-9B95C54261BF}.Release|x86.Build.0 = Release|Any CPU
		{574117C3-285C-4D9A-AA79-FD58844B704E}.Debug|Any CPU.ActiveCfg = Debug|Any CPU
		{574117C3-285C-4D9A-AA79-FD58844B704E}.Debug|Any CPU.Build.0 = Debug|Any CPU
		{574117C3-285C-4D9A-AA79-FD58844B704E}.Debug|x64.ActiveCfg = Debug|Any CPU
		{574117C3-285C-4D9A-AA79-FD58844B704E}.Debug|x64.Build.0 = Debug|Any CPU
		{574117C3-285C-4D9A-AA79-FD58844B704E}.Debug|x86.ActiveCfg = Debug|Any CPU
		{574117C3-285C-4D9A-AA79-FD58844B704E}.Debug|x86.Build.0 = Debug|Any CPU
		{574117C3-285C-4D9A-AA79-FD58844B704E}.Release|Any CPU.ActiveCfg = Release|Any CPU
		{574117C3-285C-4D9A-AA79-FD58844B704E}.Release|Any CPU.Build.0 = Release|Any CPU
		{574117C3-285C-4D9A-AA79-FD58844B704E}.Release|x64.ActiveCfg = Release|Any CPU
		{574117C3-285C-4D9A-AA79-FD58844B704E}.Release|x64.Build.0 = Release|Any CPU
		{574117C3-285C-4D9A-AA79-FD58844B704E}.Release|x86.ActiveCfg = Release|Any CPU
		{574117C3-285C-4D9A-AA79-FD58844B704E}.Release|x86.Build.0 = Release|Any CPU
		{3A146E7F-3D20-41FC-AFBC-813B6E6025B1}.Debug|Any CPU.ActiveCfg = Debug|Any CPU
		{3A146E7F-3D20-41FC-AFBC-813B6E6025B1}.Debug|Any CPU.Build.0 = Debug|Any CPU
		{3A146E7F-3D20-41FC-AFBC-813B6E6025B1}.Debug|x64.ActiveCfg = Debug|Any CPU
		{3A146E7F-3D20-41FC-AFBC-813B6E6025B1}.Debug|x64.Build.0 = Debug|Any CPU
		{3A146E7F-3D20-41FC-AFBC-813B6E6025B1}.Debug|x86.ActiveCfg = Debug|Any CPU
		{3A146E7F-3D20-41FC-AFBC-813B6E6025B1}.Debug|x86.Build.0 = Debug|Any CPU
		{3A146E7F-3D20-41FC-AFBC-813B6E6025B1}.Release|Any CPU.ActiveCfg = Release|Any CPU
		{3A146E7F-3D20-41FC-AFBC-813B6E6025B1}.Release|Any CPU.Build.0 = Release|Any CPU
		{3A146E7F-3D20-41FC-AFBC-813B6E6025B1}.Release|x64.ActiveCfg = Release|Any CPU
		{3A146E7F-3D20-41FC-AFBC-813B6E6025B1}.Release|x64.Build.0 = Release|Any CPU
		{3A146E7F-3D20-41FC-AFBC-813B6E6025B1}.Release|x86.ActiveCfg = Release|Any CPU
		{3A146E7F-3D20-41FC-AFBC-813B6E6025B1}.Release|x86.Build.0 = Release|Any CPU
		{3893EE4F-75AB-4133-A0C9-FAAA3BE3443C}.Debug|Any CPU.ActiveCfg = Debug|Any CPU
		{3893EE4F-75AB-4133-A0C9-FAAA3BE3443C}.Debug|Any CPU.Build.0 = Debug|Any CPU
		{3893EE4F-75AB-4133-A0C9-FAAA3BE3443C}.Debug|x64.ActiveCfg = Debug|Any CPU
		{3893EE4F-75AB-4133-A0C9-FAAA3BE3443C}.Debug|x64.Build.0 = Debug|Any CPU
		{3893EE4F-75AB-4133-A0C9-FAAA3BE3443C}.Debug|x86.ActiveCfg = Debug|Any CPU
		{3893EE4F-75AB-4133-A0C9-FAAA3BE3443C}.Debug|x86.Build.0 = Debug|Any CPU
		{3893EE4F-75AB-4133-A0C9-FAAA3BE3443C}.Release|Any CPU.ActiveCfg = Release|Any CPU
		{3893EE4F-75AB-4133-A0C9-FAAA3BE3443C}.Release|Any CPU.Build.0 = Release|Any CPU
		{3893EE4F-75AB-4133-A0C9-FAAA3BE3443C}.Release|x64.ActiveCfg = Release|Any CPU
		{3893EE4F-75AB-4133-A0C9-FAAA3BE3443C}.Release|x64.Build.0 = Release|Any CPU
		{3893EE4F-75AB-4133-A0C9-FAAA3BE3443C}.Release|x86.ActiveCfg = Release|Any CPU
		{3893EE4F-75AB-4133-A0C9-FAAA3BE3443C}.Release|x86.Build.0 = Release|Any CPU
		{8CA5572D-05E1-474A-8C5F-6ACBBB0134BA}.Debug|Any CPU.ActiveCfg = Debug|Any CPU
		{8CA5572D-05E1-474A-8C5F-6ACBBB0134BA}.Debug|Any CPU.Build.0 = Debug|Any CPU
		{8CA5572D-05E1-474A-8C5F-6ACBBB0134BA}.Debug|x64.ActiveCfg = Debug|Any CPU
		{8CA5572D-05E1-474A-8C5F-6ACBBB0134BA}.Debug|x64.Build.0 = Debug|Any CPU
		{8CA5572D-05E1-474A-8C5F-6ACBBB0134BA}.Debug|x86.ActiveCfg = Debug|Any CPU
		{8CA5572D-05E1-474A-8C5F-6ACBBB0134BA}.Debug|x86.Build.0 = Debug|Any CPU
		{8CA5572D-05E1-474A-8C5F-6ACBBB0134BA}.Release|Any CPU.ActiveCfg = Release|Any CPU
		{8CA5572D-05E1-474A-8C5F-6ACBBB0134BA}.Release|Any CPU.Build.0 = Release|Any CPU
		{8CA5572D-05E1-474A-8C5F-6ACBBB0134BA}.Release|x64.ActiveCfg = Release|Any CPU
		{8CA5572D-05E1-474A-8C5F-6ACBBB0134BA}.Release|x64.Build.0 = Release|Any CPU
		{8CA5572D-05E1-474A-8C5F-6ACBBB0134BA}.Release|x86.ActiveCfg = Release|Any CPU
		{8CA5572D-05E1-474A-8C5F-6ACBBB0134BA}.Release|x86.Build.0 = Release|Any CPU
	EndGlobalSection
	GlobalSection(SolutionProperties) = preSolution
		HideSolutionNode = FALSE
	EndGlobalSection
	GlobalSection(NestedProjects) = preSolution
		{6B029EBD-FEF4-40C3-8BBD-11BEA685F096} = {827E0CD3-B72D-47B6-A68D-7590B98EB39B}
		{F509B46E-273A-4972-83BB-9B95C54261BF} = {827E0CD3-B72D-47B6-A68D-7590B98EB39B}
		{574117C3-285C-4D9A-AA79-FD58844B704E} = {827E0CD3-B72D-47B6-A68D-7590B98EB39B}
		{3A146E7F-3D20-41FC-AFBC-813B6E6025B1} = {827E0CD3-B72D-47B6-A68D-7590B98EB39B}
		{3893EE4F-75AB-4133-A0C9-FAAA3BE3443C} = {827E0CD3-B72D-47B6-A68D-7590B98EB39B}
		{8CA5572D-05E1-474A-8C5F-6ACBBB0134BA} = {827E0CD3-B72D-47B6-A68D-7590B98EB39B}
	EndGlobalSection
EndGlobal
